PODS:
  - R.swift (5.1.0):
    - R.swift.Library (~> 5.1.0)
  - R.swift.Library (5.1.0)
  - SwiftLint (0.39.1)
  - TinkoffAuth (0.1.0):
    - R.swift

DEPENDENCIES:
  - R.swift
  - SwiftLint
  - TinkoffAuth (from `LocalPods/TinkoffAuth`)

SPEC REPOS:
  trunk:
    - R.swift
    - R.swift.Library
    - SwiftLint

EXTERNAL SOURCES:
  TinkoffAuth:
    :path: LocalPods/TinkoffAuth

SPEC CHECKSUMS:
  R.swift: 8cbc4fc69b740305b6a17c8a8ed968eb788962d9
  R.swift.Library: fa85ce1e0d0b7e818cd9e080df910ba54d2776cc
  SwiftLint: 55e96a4a4d537d4a3156859fc1c54bd24851a046
  TinkoffAuth: 785d9b9f45b352e64a39a2857cfb8f7d04d94785

PODFILE CHECKSUM: 2d91f4cb3b4ca06afa7027380f434f221f8ecda5

COCOAPODS: 1.8.4
