PODS:
  - R.swift (5.1.0):
    - R.swift.Library (~> 5.1.0)
  - R.swift.Library (5.1.0)
  - SwiftLint (0.39.1)
  - TinkoffAuth (0.1.0):
    - R.swift

DEPENDENCIES:
  - R.swift
  - SwiftLint
  - TinkoffAuth (from `LocalPods/TinkoffAuth`)

SPEC REPOS:
  trunk:
    - R.swift
    - R.swift.Library
    - SwiftLint

EXTERNAL SOURCES:
  TinkoffAuth:
    :path: LocalPods/TinkoffAuth

SPEC CHECKSUMS:
  R.swift: 8cbc4fc69b740305b6a17c8a8ed968eb788962d9
  R.swift.Library: fa85ce1e0d0b7e818cd9e080df910ba54d2776cc
  SwiftLint: 55e96a4a4d537d4a3156859fc1c54bd24851a046
  TinkoffAuth: 091e14a5efd700272645ae23aec6d1de664e0f5d

PODFILE CHECKSUM: 40902077e366f219b11cffaf9c94235e1a71f45a

COCOAPODS: 1.8.4
