// !$*UTF8*$!
{
	archiveVersion = 1;
	classes = {
	};
	objectVersion = 51;
	objects = {

/* Begin PBXBuildFile section */
		0442D3FCBE3584F2984CBABB /* Pods_TinkoffProject.framework in Frameworks */ = {isa = PBXBuildFile; fileRef = 62D9A3AA71B28219B8E20BA4 /* Pods_TinkoffProject.framework */; };
		0716D9D42406A66600419C69 /* PinCodeScreenModuleOutput.swift in Sources */ = {isa = PBXBuildFile; fileRef = 0716D9D32406A66600419C69 /* PinCodeScreenModuleOutput.swift */; };
		0716D9D72406ACFA00419C69 /* LoginScreenAssembly.swift in Sources */ = {isa = PBXBuildFile; fileRef = 0716D9D62406ACFA00419C69 /* LoginScreenAssembly.swift */; };
		0716D9D92406ADAB00419C69 /* LoginScreenModuleOutput.swift in Sources */ = {isa = PBXBuildFile; fileRef = 0716D9D82406ADAB00419C69 /* LoginScreenModuleOutput.swift */; };
		07753AC8240026EE00A513FA /* Main.storyboard in Resources */ = {isa = PBXBuildFile; fileRef = 07753AC6240026EE00A513FA /* Main.storyboard */; };
		07753ACA240026F000A513FA /* Assets.xcassets in Resources */ = {isa = PBXBuildFile; fileRef = 07753AC9240026F000A513FA /* Assets.xcassets */; };
		07753ACD240026F000A513FA /* LaunchScreen.storyboard in Resources */ = {isa = PBXBuildFile; fileRef = 07753ACB240026F000A513FA /* LaunchScreen.storyboard */; };
		079773D8240683EF004616C1 /* R.generated.swift in Sources */ = {isa = PBXBuildFile; fileRef = 07753AD724002C8200A513FA /* R.generated.swift */; };
		079773D9240683F3004616C1 /* CoordinatorFactoryProtocol.swift in Sources */ = {isa = PBXBuildFile; fileRef = 430908D9240290BA0030875D /* CoordinatorFactoryProtocol.swift */; };
		079773DC24068612004616C1 /* LoginScreen.storyboard in Resources */ = {isa = PBXBuildFile; fileRef = 079773DB24068612004616C1 /* LoginScreen.storyboard */; };
		07BD1DDA24050473002B2325 /* PinCodeScreenAssembly.swift in Sources */ = {isa = PBXBuildFile; fileRef = 07BD1DCB24050473002B2325 /* PinCodeScreenAssembly.swift */; };
		07BD1DDB24050473002B2325 /* PinCodeScreenPresenter.swift in Sources */ = {isa = PBXBuildFile; fileRef = 07BD1DCD24050473002B2325 /* PinCodeScreenPresenter.swift */; };
		07BD1DDC24050473002B2325 /* PinCodeScreenModuleInput.swift in Sources */ = {isa = PBXBuildFile; fileRef = 07BD1DCE24050473002B2325 /* PinCodeScreenModuleInput.swift */; };
		07BD1DDD24050473002B2325 /* PinCodeScreenViewOutput.swift in Sources */ = {isa = PBXBuildFile; fileRef = 07BD1DD024050473002B2325 /* PinCodeScreenViewOutput.swift */; };
		07BD1DDE24050473002B2325 /* PinCodeScreenViewInput.swift in Sources */ = {isa = PBXBuildFile; fileRef = 07BD1DD124050473002B2325 /* PinCodeScreenViewInput.swift */; };
		07BD1DDF24050473002B2325 /* PinCodeScreenViewController.swift in Sources */ = {isa = PBXBuildFile; fileRef = 07BD1DD224050473002B2325 /* PinCodeScreenViewController.swift */; };
		07BD1DE024050473002B2325 /* PinCodeScreenInteractorInput.swift in Sources */ = {isa = PBXBuildFile; fileRef = 07BD1DD424050473002B2325 /* PinCodeScreenInteractorInput.swift */; };
		07BD1DE124050473002B2325 /* PinCodeScreenInteractor.swift in Sources */ = {isa = PBXBuildFile; fileRef = 07BD1DD524050473002B2325 /* PinCodeScreenInteractor.swift */; };
		07BD1DE224050473002B2325 /* PinCodeScreenInteractorOutput.swift in Sources */ = {isa = PBXBuildFile; fileRef = 07BD1DD624050473002B2325 /* PinCodeScreenInteractorOutput.swift */; };
		07BD1DE6240505B4002B2325 /* PinCodeModuleType.swift in Sources */ = {isa = PBXBuildFile; fileRef = 07BD1DE5240505B4002B2325 /* PinCodeModuleType.swift */; };
		07BD1DE82405060C002B2325 /* PinCodeScreen.storyboard in Resources */ = {isa = PBXBuildFile; fileRef = 07BD1DE72405060C002B2325 /* PinCodeScreen.storyboard */; };
		07BD1DEA240509B6002B2325 /* PointsView.swift in Sources */ = {isa = PBXBuildFile; fileRef = 07BD1DE9240509B6002B2325 /* PointsView.swift */; };
		07BD1E0C240526DA002B2325 /* PinCodeScreenViewType.swift in Sources */ = {isa = PBXBuildFile; fileRef = 07BD1E0B240526DA002B2325 /* PinCodeScreenViewType.swift */; };
		4309080624028BBA0030875D /* AppCoordinator.swift in Sources */ = {isa = PBXBuildFile; fileRef = 4309080524028BBA0030875D /* AppCoordinator.swift */; };
		43090921240290BA0030875D /* CoordinatorFactory.swift in Sources */ = {isa = PBXBuildFile; fileRef = 430908DA240290BA0030875D /* CoordinatorFactory.swift */; };
		43090922240290BA0030875D /* ModulesFactory.swift in Sources */ = {isa = PBXBuildFile; fileRef = 430908DC240290BA0030875D /* ModulesFactory.swift */; };
		43090924240290BA0030875D /* MainFactoryProtocol.swift in Sources */ = {isa = PBXBuildFile; fileRef = 430908E0240290BA0030875D /* MainFactoryProtocol.swift */; };
		43090931240290BA0030875D /* Routable.swift in Sources */ = {isa = PBXBuildFile; fileRef = 430908F0240290BA0030875D /* Routable.swift */; };
		43090932240290BA0030875D /* Presentable.swift in Sources */ = {isa = PBXBuildFile; fileRef = 430908F1240290BA0030875D /* Presentable.swift */; };
		43090933240290BA0030875D /* Coordinatable.swift in Sources */ = {isa = PBXBuildFile; fileRef = 430908F2240290BA0030875D /* Coordinatable.swift */; };
		43090939240290BA0030875D /* Router.swift in Sources */ = {isa = PBXBuildFile; fileRef = 430908F9240290BA0030875D /* Router.swift */; };
		4309093A240290BA0030875D /* BaseCoordinator.swift in Sources */ = {isa = PBXBuildFile; fileRef = 430908FB240290BA0030875D /* BaseCoordinator.swift */; };
		430909402402A06B0030875D /* MainCoordinator.swift in Sources */ = {isa = PBXBuildFile; fileRef = 4309093F2402A06B0030875D /* MainCoordinator.swift */; };
		430909422402A0940030875D /* MainCoordinatorOutput.swift in Sources */ = {isa = PBXBuildFile; fileRef = 430909412402A0940030875D /* MainCoordinatorOutput.swift */; };
		430909482402C0A40030875D /* Constants.swift in Sources */ = {isa = PBXBuildFile; fileRef = 430909472402C0A40030875D /* Constants.swift */; };
		4391AC6824043EBD0093A6B6 /* AppDelegate.swift in Sources */ = {isa = PBXBuildFile; fileRef = 4391AC6624043EBD0093A6B6 /* AppDelegate.swift */; };
		4391AC6A24043EE00093A6B6 /* ViewController.swift in Sources */ = {isa = PBXBuildFile; fileRef = 4391AC6924043EE00093A6B6 /* ViewController.swift */; };
		824C766A24044C2C0013754A /* AuthCoordinator.swift in Sources */ = {isa = PBXBuildFile; fileRef = 824C766924044C2C0013754A /* AuthCoordinator.swift */; };
		824C766C24044CA20013754A /* AuthFactoryProtocol.swift in Sources */ = {isa = PBXBuildFile; fileRef = 824C766B24044CA20013754A /* AuthFactoryProtocol.swift */; };
		824C766E24044E350013754A /* AuthCoordinatorOutput.swift in Sources */ = {isa = PBXBuildFile; fileRef = 824C766D24044E350013754A /* AuthCoordinatorOutput.swift */; };
		824FD65B2401C3AC001BDCD8 /* LoginScreenModuleInterface.swift in Sources */ = {isa = PBXBuildFile; fileRef = 824FD6462401C3AC001BDCD8 /* LoginScreenModuleInterface.swift */; };
		824FD65C2401C3AC001BDCD8 /* LoginScreenPresenter.swift in Sources */ = {isa = PBXBuildFile; fileRef = 824FD6482401C3AC001BDCD8 /* LoginScreenPresenter.swift */; };
		824FD6602401C3AC001BDCD8 /* LoginScreenInteractorIO.swift in Sources */ = {isa = PBXBuildFile; fileRef = 824FD64E2401C3AC001BDCD8 /* LoginScreenInteractorIO.swift */; };
		824FD6612401C3AC001BDCD8 /* LoginScreenInteractor.swift in Sources */ = {isa = PBXBuildFile; fileRef = 824FD64F2401C3AC001BDCD8 /* LoginScreenInteractor.swift */; };
		824FD6622401C3AC001BDCD8 /* LoginScreenViewController.swift in Sources */ = {isa = PBXBuildFile; fileRef = 824FD6512401C3AC001BDCD8 /* LoginScreenViewController.swift */; };
		824FD6632401C3AC001BDCD8 /* LoginScreenViewInterface.swift in Sources */ = {isa = PBXBuildFile; fileRef = 824FD6522401C3AC001BDCD8 /* LoginScreenViewInterface.swift */; };
		824FD6642401C3AC001BDCD8 /* CornerRadiusButton.swift in Sources */ = {isa = PBXBuildFile; fileRef = 824FD6552401C3AC001BDCD8 /* CornerRadiusButton.swift */; };
		824FD6652401C3AC001BDCD8 /* UIColor+HexString.swift in Sources */ = {isa = PBXBuildFile; fileRef = 824FD6572401C3AC001BDCD8 /* UIColor+HexString.swift */; };
		824FD6662401C3AC001BDCD8 /* CommonFunctions.swift in Sources */ = {isa = PBXBuildFile; fileRef = 824FD6582401C3AC001BDCD8 /* CommonFunctions.swift */; };
/* End PBXBuildFile section */

/* Begin PBXFileReference section */
		0716D9D32406A66600419C69 /* PinCodeScreenModuleOutput.swift */ = {isa = PBXFileReference; lastKnownFileType = sourcecode.swift; path = PinCodeScreenModuleOutput.swift; sourceTree = "<group>"; };
		0716D9D62406ACFA00419C69 /* LoginScreenAssembly.swift */ = {isa = PBXFileReference; lastKnownFileType = sourcecode.swift; path = LoginScreenAssembly.swift; sourceTree = "<group>"; };
		0716D9D82406ADAB00419C69 /* LoginScreenModuleOutput.swift */ = {isa = PBXFileReference; lastKnownFileType = sourcecode.swift; path = LoginScreenModuleOutput.swift; sourceTree = "<group>"; };
		07753ABD240026EE00A513FA /* TinkoffProject.app */ = {isa = PBXFileReference; explicitFileType = wrapper.application; includeInIndex = 0; path = TinkoffProject.app; sourceTree = BUILT_PRODUCTS_DIR; };
		07753AC7240026EE00A513FA /* Base */ = {isa = PBXFileReference; lastKnownFileType = file.storyboard; name = Base; path = Base.lproj/Main.storyboard; sourceTree = "<group>"; };
		07753AC9240026F000A513FA /* Assets.xcassets */ = {isa = PBXFileReference; lastKnownFileType = folder.assetcatalog; path = Assets.xcassets; sourceTree = "<group>"; };
		07753ACC240026F000A513FA /* Base */ = {isa = PBXFileReference; lastKnownFileType = file.storyboard; name = Base; path = Base.lproj/LaunchScreen.storyboard; sourceTree = "<group>"; };
		07753ACE240026F000A513FA /* Info.plist */ = {isa = PBXFileReference; lastKnownFileType = text.plist.xml; path = Info.plist; sourceTree = "<group>"; };
		07753AD724002C8200A513FA /* R.generated.swift */ = {isa = PBXFileReference; fileEncoding = 4; lastKnownFileType = sourcecode.swift; path = R.generated.swift; sourceTree = SOURCE_ROOT; };
		079773DB24068612004616C1 /* LoginScreen.storyboard */ = {isa = PBXFileReference; fileEncoding = 4; lastKnownFileType = file.storyboard; path = LoginScreen.storyboard; sourceTree = "<group>"; };
		07BD1DCB24050473002B2325 /* PinCodeScreenAssembly.swift */ = {isa = PBXFileReference; fileEncoding = 4; lastKnownFileType = sourcecode.swift; path = PinCodeScreenAssembly.swift; sourceTree = "<group>"; };
		07BD1DCD24050473002B2325 /* PinCodeScreenPresenter.swift */ = {isa = PBXFileReference; fileEncoding = 4; lastKnownFileType = sourcecode.swift; path = PinCodeScreenPresenter.swift; sourceTree = "<group>"; };
		07BD1DCE24050473002B2325 /* PinCodeScreenModuleInput.swift */ = {isa = PBXFileReference; fileEncoding = 4; lastKnownFileType = sourcecode.swift; path = PinCodeScreenModuleInput.swift; sourceTree = "<group>"; };
		07BD1DD024050473002B2325 /* PinCodeScreenViewOutput.swift */ = {isa = PBXFileReference; fileEncoding = 4; lastKnownFileType = sourcecode.swift; path = PinCodeScreenViewOutput.swift; sourceTree = "<group>"; };
		07BD1DD124050473002B2325 /* PinCodeScreenViewInput.swift */ = {isa = PBXFileReference; fileEncoding = 4; lastKnownFileType = sourcecode.swift; path = PinCodeScreenViewInput.swift; sourceTree = "<group>"; };
		07BD1DD224050473002B2325 /* PinCodeScreenViewController.swift */ = {isa = PBXFileReference; fileEncoding = 4; lastKnownFileType = sourcecode.swift; path = PinCodeScreenViewController.swift; sourceTree = "<group>"; };
		07BD1DD424050473002B2325 /* PinCodeScreenInteractorInput.swift */ = {isa = PBXFileReference; fileEncoding = 4; lastKnownFileType = sourcecode.swift; path = PinCodeScreenInteractorInput.swift; sourceTree = "<group>"; };
		07BD1DD524050473002B2325 /* PinCodeScreenInteractor.swift */ = {isa = PBXFileReference; fileEncoding = 4; lastKnownFileType = sourcecode.swift; path = PinCodeScreenInteractor.swift; sourceTree = "<group>"; };
		07BD1DD624050473002B2325 /* PinCodeScreenInteractorOutput.swift */ = {isa = PBXFileReference; fileEncoding = 4; lastKnownFileType = sourcecode.swift; path = PinCodeScreenInteractorOutput.swift; sourceTree = "<group>"; };
		07BD1DE5240505B4002B2325 /* PinCodeModuleType.swift */ = {isa = PBXFileReference; lastKnownFileType = sourcecode.swift; path = PinCodeModuleType.swift; sourceTree = "<group>"; };
		07BD1DE72405060C002B2325 /* PinCodeScreen.storyboard */ = {isa = PBXFileReference; lastKnownFileType = file.storyboard; path = PinCodeScreen.storyboard; sourceTree = "<group>"; };
		07BD1DE9240509B6002B2325 /* PointsView.swift */ = {isa = PBXFileReference; lastKnownFileType = sourcecode.swift; path = PointsView.swift; sourceTree = "<group>"; };
		07BD1E0B240526DA002B2325 /* PinCodeScreenViewType.swift */ = {isa = PBXFileReference; lastKnownFileType = sourcecode.swift; path = PinCodeScreenViewType.swift; sourceTree = "<group>"; };
		4309080524028BBA0030875D /* AppCoordinator.swift */ = {isa = PBXFileReference; lastKnownFileType = sourcecode.swift; path = AppCoordinator.swift; sourceTree = "<group>"; };
		430908D9240290BA0030875D /* CoordinatorFactoryProtocol.swift */ = {isa = PBXFileReference; fileEncoding = 4; lastKnownFileType = sourcecode.swift; path = CoordinatorFactoryProtocol.swift; sourceTree = "<group>"; };
		430908DA240290BA0030875D /* CoordinatorFactory.swift */ = {isa = PBXFileReference; fileEncoding = 4; lastKnownFileType = sourcecode.swift; path = CoordinatorFactory.swift; sourceTree = "<group>"; };
		430908DC240290BA0030875D /* ModulesFactory.swift */ = {isa = PBXFileReference; fileEncoding = 4; lastKnownFileType = sourcecode.swift; path = ModulesFactory.swift; sourceTree = "<group>"; };
		430908E0240290BA0030875D /* MainFactoryProtocol.swift */ = {isa = PBXFileReference; fileEncoding = 4; lastKnownFileType = sourcecode.swift; path = MainFactoryProtocol.swift; sourceTree = "<group>"; };
		430908F0240290BA0030875D /* Routable.swift */ = {isa = PBXFileReference; fileEncoding = 4; lastKnownFileType = sourcecode.swift; path = Routable.swift; sourceTree = "<group>"; };
		430908F1240290BA0030875D /* Presentable.swift */ = {isa = PBXFileReference; fileEncoding = 4; lastKnownFileType = sourcecode.swift; path = Presentable.swift; sourceTree = "<group>"; };
		430908F2240290BA0030875D /* Coordinatable.swift */ = {isa = PBXFileReference; fileEncoding = 4; lastKnownFileType = sourcecode.swift; path = Coordinatable.swift; sourceTree = "<group>"; };
		430908F9240290BA0030875D /* Router.swift */ = {isa = PBXFileReference; fileEncoding = 4; lastKnownFileType = sourcecode.swift; path = Router.swift; sourceTree = "<group>"; };
		430908FB240290BA0030875D /* BaseCoordinator.swift */ = {isa = PBXFileReference; fileEncoding = 4; lastKnownFileType = sourcecode.swift; path = BaseCoordinator.swift; sourceTree = "<group>"; };
		4309093F2402A06B0030875D /* MainCoordinator.swift */ = {isa = PBXFileReference; lastKnownFileType = sourcecode.swift; path = MainCoordinator.swift; sourceTree = "<group>"; };
		430909412402A0940030875D /* MainCoordinatorOutput.swift */ = {isa = PBXFileReference; lastKnownFileType = sourcecode.swift; path = MainCoordinatorOutput.swift; sourceTree = "<group>"; };
		430909472402C0A40030875D /* Constants.swift */ = {isa = PBXFileReference; fileEncoding = 4; lastKnownFileType = sourcecode.swift; path = Constants.swift; sourceTree = "<group>"; };
		4391AC6624043EBD0093A6B6 /* AppDelegate.swift */ = {isa = PBXFileReference; fileEncoding = 4; lastKnownFileType = sourcecode.swift; path = AppDelegate.swift; sourceTree = "<group>"; };
		4391AC6924043EE00093A6B6 /* ViewController.swift */ = {isa = PBXFileReference; fileEncoding = 4; lastKnownFileType = sourcecode.swift; path = ViewController.swift; sourceTree = "<group>"; };
		4F298E425615476290203A1E /* Pods-TinkoffProject.debug.xcconfig */ = {isa = PBXFileReference; includeInIndex = 1; lastKnownFileType = text.xcconfig; name = "Pods-TinkoffProject.debug.xcconfig"; path = "Target Support Files/Pods-TinkoffProject/Pods-TinkoffProject.debug.xcconfig"; sourceTree = "<group>"; };
		5134517CCD3B494870E96E24 /* Pods-TinkoffProject.release.xcconfig */ = {isa = PBXFileReference; includeInIndex = 1; lastKnownFileType = text.xcconfig; name = "Pods-TinkoffProject.release.xcconfig"; path = "Target Support Files/Pods-TinkoffProject/Pods-TinkoffProject.release.xcconfig"; sourceTree = "<group>"; };
		62D9A3AA71B28219B8E20BA4 /* Pods_TinkoffProject.framework */ = {isa = PBXFileReference; explicitFileType = wrapper.framework; includeInIndex = 0; path = Pods_TinkoffProject.framework; sourceTree = BUILT_PRODUCTS_DIR; };
		824C766924044C2C0013754A /* AuthCoordinator.swift */ = {isa = PBXFileReference; lastKnownFileType = sourcecode.swift; path = AuthCoordinator.swift; sourceTree = "<group>"; };
		824C766B24044CA20013754A /* AuthFactoryProtocol.swift */ = {isa = PBXFileReference; lastKnownFileType = sourcecode.swift; path = AuthFactoryProtocol.swift; sourceTree = "<group>"; };
		824C766D24044E350013754A /* AuthCoordinatorOutput.swift */ = {isa = PBXFileReference; lastKnownFileType = sourcecode.swift; path = AuthCoordinatorOutput.swift; sourceTree = "<group>"; };
		824FD6462401C3AC001BDCD8 /* LoginScreenModuleInterface.swift */ = {isa = PBXFileReference; fileEncoding = 4; lastKnownFileType = sourcecode.swift; path = LoginScreenModuleInterface.swift; sourceTree = "<group>"; };
		824FD6482401C3AC001BDCD8 /* LoginScreenPresenter.swift */ = {isa = PBXFileReference; fileEncoding = 4; lastKnownFileType = sourcecode.swift; path = LoginScreenPresenter.swift; sourceTree = "<group>"; };
		824FD64E2401C3AC001BDCD8 /* LoginScreenInteractorIO.swift */ = {isa = PBXFileReference; fileEncoding = 4; lastKnownFileType = sourcecode.swift; path = LoginScreenInteractorIO.swift; sourceTree = "<group>"; };
		824FD64F2401C3AC001BDCD8 /* LoginScreenInteractor.swift */ = {isa = PBXFileReference; fileEncoding = 4; lastKnownFileType = sourcecode.swift; path = LoginScreenInteractor.swift; sourceTree = "<group>"; };
		824FD6512401C3AC001BDCD8 /* LoginScreenViewController.swift */ = {isa = PBXFileReference; fileEncoding = 4; lastKnownFileType = sourcecode.swift; path = LoginScreenViewController.swift; sourceTree = "<group>"; };
		824FD6522401C3AC001BDCD8 /* LoginScreenViewInterface.swift */ = {isa = PBXFileReference; fileEncoding = 4; lastKnownFileType = sourcecode.swift; path = LoginScreenViewInterface.swift; sourceTree = "<group>"; };
		824FD6552401C3AC001BDCD8 /* CornerRadiusButton.swift */ = {isa = PBXFileReference; fileEncoding = 4; lastKnownFileType = sourcecode.swift; path = CornerRadiusButton.swift; sourceTree = "<group>"; };
		824FD6572401C3AC001BDCD8 /* UIColor+HexString.swift */ = {isa = PBXFileReference; fileEncoding = 4; lastKnownFileType = sourcecode.swift; path = "UIColor+HexString.swift"; sourceTree = "<group>"; };
		824FD6582401C3AC001BDCD8 /* CommonFunctions.swift */ = {isa = PBXFileReference; fileEncoding = 4; lastKnownFileType = sourcecode.swift; path = CommonFunctions.swift; sourceTree = "<group>"; };
/* End PBXFileReference section */

/* Begin PBXFrameworksBuildPhase section */
		07753ABA240026EE00A513FA /* Frameworks */ = {
			isa = PBXFrameworksBuildPhase;
			buildActionMask = 2147483647;
			files = (
				0442D3FCBE3584F2984CBABB /* Pods_TinkoffProject.framework in Frameworks */,
			);
			runOnlyForDeploymentPostprocessing = 0;
		};
/* End PBXFrameworksBuildPhase section */

/* Begin PBXGroup section */
		0716D9D22406A63400419C69 /* Models */ = {
			isa = PBXGroup;
			children = (
				07BD1DE5240505B4002B2325 /* PinCodeModuleType.swift */,
			);
			path = Models;
			sourceTree = "<group>";
		};
		0716D9D52406ACC700419C69 /* Assembly */ = {
			isa = PBXGroup;
			children = (
				0716D9D62406ACFA00419C69 /* LoginScreenAssembly.swift */,
			);
			path = Assembly;
			sourceTree = "<group>";
		};
		07753AB4240026EE00A513FA = {
			isa = PBXGroup;
			children = (
				07753ABF240026EE00A513FA /* TinkoffProject */,
				07753ABE240026EE00A513FA /* Products */,
				88E6FE45BB5E8D6E083D6F9F /* Pods */,
				EB238211E9D187286B292285 /* Frameworks */,
			);
			sourceTree = "<group>";
		};
		07753ABE240026EE00A513FA /* Products */ = {
			isa = PBXGroup;
			children = (
				07753ABD240026EE00A513FA /* TinkoffProject.app */,
			);
			name = Products;
			sourceTree = "<group>";
		};
		07753ABF240026EE00A513FA /* TinkoffProject */ = {
			isa = PBXGroup;
			children = (
				430908C9240290BA0030875D /* Common */,
				4309080724028D1F0030875D /* AppDelegate */,
				824FD6412401C3AC001BDCD8 /* Modules */,
				824FD6532401C3AC001BDCD8 /* Utils */,
				07753AC6240026EE00A513FA /* Main.storyboard */,
				07753ACB240026F000A513FA /* LaunchScreen.storyboard */,
				07753AD624002C6E00A513FA /* Resources */,
			);
			path = TinkoffProject;
			sourceTree = "<group>";
		};
		07753AD624002C6E00A513FA /* Resources */ = {
			isa = PBXGroup;
			children = (
				07753AD724002C8200A513FA /* R.generated.swift */,
				07753AC9240026F000A513FA /* Assets.xcassets */,
				07753ACE240026F000A513FA /* Info.plist */,
			);
			path = Resources;
			sourceTree = "<group>";
		};
		079773DA240685ED004616C1 /* Auth */ = {
			isa = PBXGroup;
			children = (
				824C766824044BDF0013754A /* Coordinator */,
				07BD1DC924050473002B2325 /* PinCodeScreen */,
				824FD6422401C3AC001BDCD8 /* LoginScreen */,
			);
			path = Auth;
			sourceTree = "<group>";
		};
		07BD1DC924050473002B2325 /* PinCodeScreen */ = {
			isa = PBXGroup;
			children = (
				07BD1DE72405060C002B2325 /* PinCodeScreen.storyboard */,
				07BD1DCA24050473002B2325 /* Assembly */,
				07BD1DD324050473002B2325 /* Interactor */,
				07BD1DCC24050473002B2325 /* Presenter */,
				07BD1DCF24050473002B2325 /* View */,
			);
			path = PinCodeScreen;
			sourceTree = "<group>";
		};
		07BD1DCA24050473002B2325 /* Assembly */ = {
			isa = PBXGroup;
			children = (
				07BD1DCB24050473002B2325 /* PinCodeScreenAssembly.swift */,
			);
			path = Assembly;
			sourceTree = "<group>";
		};
		07BD1DCC24050473002B2325 /* Presenter */ = {
			isa = PBXGroup;
			children = (
				0716D9D22406A63400419C69 /* Models */,
				07BD1DCE24050473002B2325 /* PinCodeScreenModuleInput.swift */,
				0716D9D32406A66600419C69 /* PinCodeScreenModuleOutput.swift */,
				07BD1DCD24050473002B2325 /* PinCodeScreenPresenter.swift */,
			);
			path = Presenter;
			sourceTree = "<group>";
		};
		07BD1DCF24050473002B2325 /* View */ = {
			isa = PBXGroup;
			children = (
				07BD1E0D24053B0B002B2325 /* PointsView */,
				07BD1E0B240526DA002B2325 /* PinCodeScreenViewType.swift */,
				07BD1DD124050473002B2325 /* PinCodeScreenViewInput.swift */,
				07BD1DD024050473002B2325 /* PinCodeScreenViewOutput.swift */,
				07BD1DD224050473002B2325 /* PinCodeScreenViewController.swift */,
			);
			path = View;
			sourceTree = "<group>";
		};
		07BD1DD324050473002B2325 /* Interactor */ = {
			isa = PBXGroup;
			children = (
				07BD1DD424050473002B2325 /* PinCodeScreenInteractorInput.swift */,
				07BD1DD624050473002B2325 /* PinCodeScreenInteractorOutput.swift */,
				07BD1DD524050473002B2325 /* PinCodeScreenInteractor.swift */,
			);
			path = Interactor;
			sourceTree = "<group>";
		};
		07BD1E0D24053B0B002B2325 /* PointsView */ = {
			isa = PBXGroup;
			children = (
				07BD1DE9240509B6002B2325 /* PointsView.swift */,
			);
			path = PointsView;
			sourceTree = "<group>";
		};
		4309080724028D1F0030875D /* AppDelegate */ = {
			isa = PBXGroup;
			children = (
				4391AC6624043EBD0093A6B6 /* AppDelegate.swift */,
				4309080524028BBA0030875D /* AppCoordinator.swift */,
			);
			path = AppDelegate;
			sourceTree = "<group>";
		};
		430908C9240290BA0030875D /* Common */ = {
			isa = PBXGroup;
			children = (
				430908D7240290BA0030875D /* Factories */,
				430908EF240290BA0030875D /* Protocols */,
				430908F4240290BA0030875D /* Helpers */,
				430908FA240290BA0030875D /* Base */,
			);
			path = Common;
			sourceTree = "<group>";
		};
		430908D7240290BA0030875D /* Factories */ = {
			isa = PBXGroup;
			children = (
				430908D8240290BA0030875D /* Coordinator */,
				430908DB240290BA0030875D /* Modules */,
			);
			path = Factories;
			sourceTree = "<group>";
		};
		430908D8240290BA0030875D /* Coordinator */ = {
			isa = PBXGroup;
			children = (
				430908D9240290BA0030875D /* CoordinatorFactoryProtocol.swift */,
				430908DA240290BA0030875D /* CoordinatorFactory.swift */,
			);
			path = Coordinator;
			sourceTree = "<group>";
		};
		430908DB240290BA0030875D /* Modules */ = {
			isa = PBXGroup;
			children = (
				430908DC240290BA0030875D /* ModulesFactory.swift */,
				430908DF240290BA0030875D /* Main */,
			);
			path = Modules;
			sourceTree = "<group>";
		};
		430908DF240290BA0030875D /* Main */ = {
			isa = PBXGroup;
			children = (
				430908E0240290BA0030875D /* MainFactoryProtocol.swift */,
			);
			path = Main;
			sourceTree = "<group>";
		};
		430908EF240290BA0030875D /* Protocols */ = {
			isa = PBXGroup;
			children = (
				430908F0240290BA0030875D /* Routable.swift */,
				430908F1240290BA0030875D /* Presentable.swift */,
				430908F2240290BA0030875D /* Coordinatable.swift */,
			);
			path = Protocols;
			sourceTree = "<group>";
		};
		430908F4240290BA0030875D /* Helpers */ = {
			isa = PBXGroup;
			children = (
				430909472402C0A40030875D /* Constants.swift */,
				430908F9240290BA0030875D /* Router.swift */,
			);
			path = Helpers;
			sourceTree = "<group>";
		};
		430908FA240290BA0030875D /* Base */ = {
			isa = PBXGroup;
			children = (
				430908FB240290BA0030875D /* BaseCoordinator.swift */,
			);
			path = Base;
			sourceTree = "<group>";
		};
		4309093E2402A04D0030875D /* Main */ = {
			isa = PBXGroup;
			children = (
				4391AC6924043EE00093A6B6 /* ViewController.swift */,
				4309093F2402A06B0030875D /* MainCoordinator.swift */,
				430909412402A0940030875D /* MainCoordinatorOutput.swift */,
			);
			path = Main;
			sourceTree = "<group>";
		};
		824C766824044BDF0013754A /* Coordinator */ = {
			isa = PBXGroup;
			children = (
				824C766924044C2C0013754A /* AuthCoordinator.swift */,
				824C766B24044CA20013754A /* AuthFactoryProtocol.swift */,
				824C766D24044E350013754A /* AuthCoordinatorOutput.swift */,
			);
			path = Coordinator;
			sourceTree = "<group>";
		};
		824FD6412401C3AC001BDCD8 /* Modules */ = {
			isa = PBXGroup;
			children = (
				079773DA240685ED004616C1 /* Auth */,
				4309093E2402A04D0030875D /* Main */,
			);
			path = Modules;
			sourceTree = "<group>";
		};
		824FD6422401C3AC001BDCD8 /* LoginScreen */ = {
			isa = PBXGroup;
			children = (
				0716D9D52406ACC700419C69 /* Assembly */,
				079773DB24068612004616C1 /* LoginScreen.storyboard */,
				824FD6452401C3AC001BDCD8 /* Module Interface */,
				824FD6472401C3AC001BDCD8 /* Presenter */,
				824FD64D2401C3AC001BDCD8 /* Interactor */,
				824FD6502401C3AC001BDCD8 /* User Interface */,
			);
			path = LoginScreen;
			sourceTree = "<group>";
		};
		824FD6452401C3AC001BDCD8 /* Module Interface */ = {
			isa = PBXGroup;
			children = (
				0716D9D82406ADAB00419C69 /* LoginScreenModuleOutput.swift */,
				824FD6462401C3AC001BDCD8 /* LoginScreenModuleInterface.swift */,
			);
			path = "Module Interface";
			sourceTree = "<group>";
		};
		824FD6472401C3AC001BDCD8 /* Presenter */ = {
			isa = PBXGroup;
			children = (
				824FD6482401C3AC001BDCD8 /* LoginScreenPresenter.swift */,
			);
			path = Presenter;
			sourceTree = "<group>";
		};
		824FD64D2401C3AC001BDCD8 /* Interactor */ = {
			isa = PBXGroup;
			children = (
				824FD64E2401C3AC001BDCD8 /* LoginScreenInteractorIO.swift */,
				824FD64F2401C3AC001BDCD8 /* LoginScreenInteractor.swift */,
			);
			path = Interactor;
			sourceTree = "<group>";
		};
		824FD6502401C3AC001BDCD8 /* User Interface */ = {
			isa = PBXGroup;
			children = (
				824FD6512401C3AC001BDCD8 /* LoginScreenViewController.swift */,
				824FD6522401C3AC001BDCD8 /* LoginScreenViewInterface.swift */,
			);
			path = "User Interface";
			sourceTree = "<group>";
		};
		824FD6532401C3AC001BDCD8 /* Utils */ = {
			isa = PBXGroup;
			children = (
				824FD6542401C3AC001BDCD8 /* UI Components */,
				824FD6562401C3AC001BDCD8 /* Common */,
			);
			path = Utils;
			sourceTree = "<group>";
		};
		824FD6542401C3AC001BDCD8 /* UI Components */ = {
			isa = PBXGroup;
			children = (
				824FD6552401C3AC001BDCD8 /* CornerRadiusButton.swift */,
			);
			path = "UI Components";
			sourceTree = "<group>";
		};
		824FD6562401C3AC001BDCD8 /* Common */ = {
			isa = PBXGroup;
			children = (
				824FD6572401C3AC001BDCD8 /* UIColor+HexString.swift */,
				824FD6582401C3AC001BDCD8 /* CommonFunctions.swift */,
			);
			path = Common;
			sourceTree = "<group>";
		};
		88E6FE45BB5E8D6E083D6F9F /* Pods */ = {
			isa = PBXGroup;
			children = (
				4F298E425615476290203A1E /* Pods-TinkoffProject.debug.xcconfig */,
				5134517CCD3B494870E96E24 /* Pods-TinkoffProject.release.xcconfig */,
			);
			path = Pods;
			sourceTree = "<group>";
		};
		EB238211E9D187286B292285 /* Frameworks */ = {
			isa = PBXGroup;
			children = (
				62D9A3AA71B28219B8E20BA4 /* Pods_TinkoffProject.framework */,
			);
			name = Frameworks;
			sourceTree = "<group>";
		};
/* End PBXGroup section */

/* Begin PBXNativeTarget section */
		07753ABC240026EE00A513FA /* TinkoffProject */ = {
			isa = PBXNativeTarget;
			buildConfigurationList = 07753AD1240026F000A513FA /* Build configuration list for PBXNativeTarget "TinkoffProject" */;
			buildPhases = (
				2AF1C600E44C6C28114DA2F0 /* [CP] Check Pods Manifest.lock */,
				07753AD524002A6100A513FA /* R.swift */,
				07753AB9240026EE00A513FA /* Sources */,
				07753ABA240026EE00A513FA /* Frameworks */,
				07753ABB240026EE00A513FA /* Resources */,
				B7A30DA02ADBDE3FC684B89E /* [CP] Embed Pods Frameworks */,
				07753AD424002A4700A513FA /* SwiftLint */,
			);
			buildRules = (
			);
			dependencies = (
			);
			name = TinkoffProject;
			productName = TinkoffProject;
			productReference = 07753ABD240026EE00A513FA /* TinkoffProject.app */;
			productType = "com.apple.product-type.application";
		};
/* End PBXNativeTarget section */

/* Begin PBXProject section */
		07753AB5240026EE00A513FA /* Project object */ = {
			isa = PBXProject;
			attributes = {
				LastSwiftUpdateCheck = 1130;
				LastUpgradeCheck = 1130;
				ORGANIZATIONNAME = "tinkoff-group-5";
				TargetAttributes = {
					07753ABC240026EE00A513FA = {
						CreatedOnToolsVersion = 11.3.1;
					};
				};
			};
			buildConfigurationList = 07753AB8240026EE00A513FA /* Build configuration list for PBXProject "TinkoffProject" */;
			compatibilityVersion = "Xcode 9.3";
			developmentRegion = en;
			hasScannedForEncodings = 0;
			knownRegions = (
				en,
				Base,
			);
			mainGroup = 07753AB4240026EE00A513FA;
			productRefGroup = 07753ABE240026EE00A513FA /* Products */;
			projectDirPath = "";
			projectRoot = "";
			targets = (
				07753ABC240026EE00A513FA /* TinkoffProject */,
			);
		};
/* End PBXProject section */

/* Begin PBXResourcesBuildPhase section */
		07753ABB240026EE00A513FA /* Resources */ = {
			isa = PBXResourcesBuildPhase;
			buildActionMask = 2147483647;
			files = (
				07753ACD240026F000A513FA /* LaunchScreen.storyboard in Resources */,
				07BD1DE82405060C002B2325 /* PinCodeScreen.storyboard in Resources */,
				07753ACA240026F000A513FA /* Assets.xcassets in Resources */,
				079773DC24068612004616C1 /* LoginScreen.storyboard in Resources */,
				07753AC8240026EE00A513FA /* Main.storyboard in Resources */,
			);
			runOnlyForDeploymentPostprocessing = 0;
		};
/* End PBXResourcesBuildPhase section */

/* Begin PBXShellScriptBuildPhase section */
		07753AD424002A4700A513FA /* SwiftLint */ = {
			isa = PBXShellScriptBuildPhase;
			buildActionMask = 2147483647;
			files = (
			);
			inputFileListPaths = (
			);
			inputPaths = (
			);
			name = SwiftLint;
			outputFileListPaths = (
			);
			outputPaths = (
			);
			runOnlyForDeploymentPostprocessing = 0;
			shellPath = /bin/sh;
			shellScript = "\"${PODS_ROOT}/SwiftLint/swiftlint\"\n";
		};
		07753AD524002A6100A513FA /* R.swift */ = {
			isa = PBXShellScriptBuildPhase;
			buildActionMask = 2147483647;
			files = (
			);
			inputFileListPaths = (
			);
			inputPaths = (
				"$TEMP_DIR/rswift-lastrun",
			);
			name = R.swift;
			outputFileListPaths = (
			);
			outputPaths = (
				$SRCROOT/R.generated.swift,
			);
			runOnlyForDeploymentPostprocessing = 0;
			shellPath = /bin/sh;
			shellScript = "\"$PODS_ROOT/R.swift/rswift\" generate \"$SRCROOT/R.generated.swift\"\n";
		};
		2AF1C600E44C6C28114DA2F0 /* [CP] Check Pods Manifest.lock */ = {
			isa = PBXShellScriptBuildPhase;
			buildActionMask = 2147483647;
			files = (
			);
			inputFileListPaths = (
			);
			inputPaths = (
				"${PODS_PODFILE_DIR_PATH}/Podfile.lock",
				"${PODS_ROOT}/Manifest.lock",
			);
			name = "[CP] Check Pods Manifest.lock";
			outputFileListPaths = (
			);
			outputPaths = (
				"$(DERIVED_FILE_DIR)/Pods-TinkoffProject-checkManifestLockResult.txt",
			);
			runOnlyForDeploymentPostprocessing = 0;
			shellPath = /bin/sh;
			shellScript = "diff \"${PODS_PODFILE_DIR_PATH}/Podfile.lock\" \"${PODS_ROOT}/Manifest.lock\" > /dev/null\nif [ $? != 0 ] ; then\n    # print error to STDERR\n    echo \"error: The sandbox is not in sync with the Podfile.lock. Run 'pod install' or update your CocoaPods installation.\" >&2\n    exit 1\nfi\n# This output is used by Xcode 'outputs' to avoid re-running this script phase.\necho \"SUCCESS\" > \"${SCRIPT_OUTPUT_FILE_0}\"\n";
			showEnvVarsInLog = 0;
		};
		B7A30DA02ADBDE3FC684B89E /* [CP] Embed Pods Frameworks */ = {
			isa = PBXShellScriptBuildPhase;
			buildActionMask = 2147483647;
			files = (
			);
			inputFileListPaths = (
				"${PODS_ROOT}/Target Support Files/Pods-TinkoffProject/Pods-TinkoffProject-frameworks-${CONFIGURATION}-input-files.xcfilelist",
			);
			name = "[CP] Embed Pods Frameworks";
			outputFileListPaths = (
				"${PODS_ROOT}/Target Support Files/Pods-TinkoffProject/Pods-TinkoffProject-frameworks-${CONFIGURATION}-output-files.xcfilelist",
			);
			runOnlyForDeploymentPostprocessing = 0;
			shellPath = /bin/sh;
			shellScript = "\"${PODS_ROOT}/Target Support Files/Pods-TinkoffProject/Pods-TinkoffProject-frameworks.sh\"\n";
			showEnvVarsInLog = 0;
		};
/* End PBXShellScriptBuildPhase section */

/* Begin PBXSourcesBuildPhase section */
		07753AB9240026EE00A513FA /* Sources */ = {
			isa = PBXSourcesBuildPhase;
			buildActionMask = 2147483647;
			files = (
				079773D9240683F3004616C1 /* CoordinatorFactoryProtocol.swift in Sources */,
				079773D8240683EF004616C1 /* R.generated.swift in Sources */,
				43090933240290BA0030875D /* Coordinatable.swift in Sources */,
				07BD1DE124050473002B2325 /* PinCodeScreenInteractor.swift in Sources */,
				07BD1DDD24050473002B2325 /* PinCodeScreenViewOutput.swift in Sources */,
				07BD1DE024050473002B2325 /* PinCodeScreenInteractorInput.swift in Sources */,
				07BD1DDE24050473002B2325 /* PinCodeScreenViewInput.swift in Sources */,
				07BD1DDC24050473002B2325 /* PinCodeScreenModuleInput.swift in Sources */,
				430909482402C0A40030875D /* Constants.swift in Sources */,
				43090922240290BA0030875D /* ModulesFactory.swift in Sources */,
				07BD1DE224050473002B2325 /* PinCodeScreenInteractorOutput.swift in Sources */,
				0716D9D92406ADAB00419C69 /* LoginScreenModuleOutput.swift in Sources */,
				4309093A240290BA0030875D /* BaseCoordinator.swift in Sources */,
				07BD1DDF24050473002B2325 /* PinCodeScreenViewController.swift in Sources */,
				0716D9D72406ACFA00419C69 /* LoginScreenAssembly.swift in Sources */,
				43090939240290BA0030875D /* Router.swift in Sources */,
				0716D9D42406A66600419C69 /* PinCodeScreenModuleOutput.swift in Sources */,
				430909422402A0940030875D /* MainCoordinatorOutput.swift in Sources */,
				4391AC6824043EBD0093A6B6 /* AppDelegate.swift in Sources */,
				430909402402A06B0030875D /* MainCoordinator.swift in Sources */,
				07BD1DEA240509B6002B2325 /* PointsView.swift in Sources */,
				07BD1E0C240526DA002B2325 /* PinCodeScreenViewType.swift in Sources */,
				824FD6662401C3AC001BDCD8 /* CommonFunctions.swift in Sources */,
				824FD6632401C3AC001BDCD8 /* LoginScreenViewInterface.swift in Sources */,
				4391AC6A24043EE00093A6B6 /* ViewController.swift in Sources */,
				4309080624028BBA0030875D /* AppCoordinator.swift in Sources */,
				07BD1DDA24050473002B2325 /* PinCodeScreenAssembly.swift in Sources */,
				43090921240290BA0030875D /* CoordinatorFactory.swift in Sources */,
				43090924240290BA0030875D /* MainFactoryProtocol.swift in Sources */,
				43090932240290BA0030875D /* Presentable.swift in Sources */,
				07BD1DE6240505B4002B2325 /* PinCodeModuleType.swift in Sources */,
				07BD1DDB24050473002B2325 /* PinCodeScreenPresenter.swift in Sources */,
				824FD6652401C3AC001BDCD8 /* UIColor+HexString.swift in Sources */,
				824FD6602401C3AC001BDCD8 /* LoginScreenInteractorIO.swift in Sources */,
				824FD6612401C3AC001BDCD8 /* LoginScreenInteractor.swift in Sources */,
				824FD65B2401C3AC001BDCD8 /* LoginScreenModuleInterface.swift in Sources */,
				824C766A24044C2C0013754A /* AuthCoordinator.swift in Sources */,
				824FD65C2401C3AC001BDCD8 /* LoginScreenPresenter.swift in Sources */,
				824FD6642401C3AC001BDCD8 /* CornerRadiusButton.swift in Sources */,
				824C766E24044E350013754A /* AuthCoordinatorOutput.swift in Sources */,
				824C766C24044CA20013754A /* AuthFactoryProtocol.swift in Sources */,
				824FD6622401C3AC001BDCD8 /* LoginScreenViewController.swift in Sources */,
				43090931240290BA0030875D /* Routable.swift in Sources */,
			);
			runOnlyForDeploymentPostprocessing = 0;
		};
/* End PBXSourcesBuildPhase section */

/* Begin PBXVariantGroup section */
		07753AC6240026EE00A513FA /* Main.storyboard */ = {
			isa = PBXVariantGroup;
			children = (
				07753AC7240026EE00A513FA /* Base */,
			);
			name = Main.storyboard;
			sourceTree = "<group>";
		};
		07753ACB240026F000A513FA /* LaunchScreen.storyboard */ = {
			isa = PBXVariantGroup;
			children = (
				07753ACC240026F000A513FA /* Base */,
			);
			name = LaunchScreen.storyboard;
			sourceTree = "<group>";
		};
/* End PBXVariantGroup section */

/* Begin XCBuildConfiguration section */
		07753ACF240026F000A513FA /* Debug */ = {
			isa = XCBuildConfiguration;
			buildSettings = {
				ALWAYS_SEARCH_USER_PATHS = NO;
				CLANG_ANALYZER_NONNULL = YES;
				CLANG_ANALYZER_NUMBER_OBJECT_CONVERSION = YES_AGGRESSIVE;
				CLANG_CXX_LANGUAGE_STANDARD = "gnu++14";
				CLANG_CXX_LIBRARY = "libc++";
				CLANG_ENABLE_MODULES = YES;
				CLANG_ENABLE_OBJC_ARC = YES;
				CLANG_ENABLE_OBJC_WEAK = YES;
				CLANG_WARN_BLOCK_CAPTURE_AUTORELEASING = YES;
				CLANG_WARN_BOOL_CONVERSION = YES;
				CLANG_WARN_COMMA = YES;
				CLANG_WARN_CONSTANT_CONVERSION = YES;
				CLANG_WARN_DEPRECATED_OBJC_IMPLEMENTATIONS = YES;
				CLANG_WARN_DIRECT_OBJC_ISA_USAGE = YES_ERROR;
				CLANG_WARN_DOCUMENTATION_COMMENTS = YES;
				CLANG_WARN_EMPTY_BODY = YES;
				CLANG_WARN_ENUM_CONVERSION = YES;
				CLANG_WARN_INFINITE_RECURSION = YES;
				CLANG_WARN_INT_CONVERSION = YES;
				CLANG_WARN_NON_LITERAL_NULL_CONVERSION = YES;
				CLANG_WARN_OBJC_IMPLICIT_RETAIN_SELF = YES;
				CLANG_WARN_OBJC_LITERAL_CONVERSION = YES;
				CLANG_WARN_OBJC_ROOT_CLASS = YES_ERROR;
				CLANG_WARN_RANGE_LOOP_ANALYSIS = YES;
				CLANG_WARN_STRICT_PROTOTYPES = YES;
				CLANG_WARN_SUSPICIOUS_MOVE = YES;
				CLANG_WARN_UNGUARDED_AVAILABILITY = YES_AGGRESSIVE;
				CLANG_WARN_UNREACHABLE_CODE = YES;
				CLANG_WARN__DUPLICATE_METHOD_MATCH = YES;
				COPY_PHASE_STRIP = NO;
				DEBUG_INFORMATION_FORMAT = dwarf;
				ENABLE_STRICT_OBJC_MSGSEND = YES;
				ENABLE_TESTABILITY = YES;
				GCC_C_LANGUAGE_STANDARD = gnu11;
				GCC_DYNAMIC_NO_PIC = NO;
				GCC_NO_COMMON_BLOCKS = YES;
				GCC_OPTIMIZATION_LEVEL = 0;
				GCC_PREPROCESSOR_DEFINITIONS = (
					"DEBUG=1",
					"$(inherited)",
				);
				GCC_WARN_64_TO_32_BIT_CONVERSION = YES;
				GCC_WARN_ABOUT_RETURN_TYPE = YES_ERROR;
				GCC_WARN_UNDECLARED_SELECTOR = YES;
				GCC_WARN_UNINITIALIZED_AUTOS = YES_AGGRESSIVE;
				GCC_WARN_UNUSED_FUNCTION = YES;
				GCC_WARN_UNUSED_VARIABLE = YES;
				IPHONEOS_DEPLOYMENT_TARGET = 13.2;
				MTL_ENABLE_DEBUG_INFO = INCLUDE_SOURCE;
				MTL_FAST_MATH = YES;
				ONLY_ACTIVE_ARCH = YES;
				SDKROOT = iphoneos;
				SWIFT_ACTIVE_COMPILATION_CONDITIONS = DEBUG;
				SWIFT_OPTIMIZATION_LEVEL = "-Onone";
			};
			name = Debug;
		};
		07753AD0240026F000A513FA /* Release */ = {
			isa = XCBuildConfiguration;
			buildSettings = {
				ALWAYS_SEARCH_USER_PATHS = NO;
				CLANG_ANALYZER_NONNULL = YES;
				CLANG_ANALYZER_NUMBER_OBJECT_CONVERSION = YES_AGGRESSIVE;
				CLANG_CXX_LANGUAGE_STANDARD = "gnu++14";
				CLANG_CXX_LIBRARY = "libc++";
				CLANG_ENABLE_MODULES = YES;
				CLANG_ENABLE_OBJC_ARC = YES;
				CLANG_ENABLE_OBJC_WEAK = YES;
				CLANG_WARN_BLOCK_CAPTURE_AUTORELEASING = YES;
				CLANG_WARN_BOOL_CONVERSION = YES;
				CLANG_WARN_COMMA = YES;
				CLANG_WARN_CONSTANT_CONVERSION = YES;
				CLANG_WARN_DEPRECATED_OBJC_IMPLEMENTATIONS = YES;
				CLANG_WARN_DIRECT_OBJC_ISA_USAGE = YES_ERROR;
				CLANG_WARN_DOCUMENTATION_COMMENTS = YES;
				CLANG_WARN_EMPTY_BODY = YES;
				CLANG_WARN_ENUM_CONVERSION = YES;
				CLANG_WARN_INFINITE_RECURSION = YES;
				CLANG_WARN_INT_CONVERSION = YES;
				CLANG_WARN_NON_LITERAL_NULL_CONVERSION = YES;
				CLANG_WARN_OBJC_IMPLICIT_RETAIN_SELF = YES;
				CLANG_WARN_OBJC_LITERAL_CONVERSION = YES;
				CLANG_WARN_OBJC_ROOT_CLASS = YES_ERROR;
				CLANG_WARN_RANGE_LOOP_ANALYSIS = YES;
				CLANG_WARN_STRICT_PROTOTYPES = YES;
				CLANG_WARN_SUSPICIOUS_MOVE = YES;
				CLANG_WARN_UNGUARDED_AVAILABILITY = YES_AGGRESSIVE;
				CLANG_WARN_UNREACHABLE_CODE = YES;
				CLANG_WARN__DUPLICATE_METHOD_MATCH = YES;
				COPY_PHASE_STRIP = NO;
				DEBUG_INFORMATION_FORMAT = "dwarf-with-dsym";
				ENABLE_NS_ASSERTIONS = NO;
				ENABLE_STRICT_OBJC_MSGSEND = YES;
				GCC_C_LANGUAGE_STANDARD = gnu11;
				GCC_NO_COMMON_BLOCKS = YES;
				GCC_WARN_64_TO_32_BIT_CONVERSION = YES;
				GCC_WARN_ABOUT_RETURN_TYPE = YES_ERROR;
				GCC_WARN_UNDECLARED_SELECTOR = YES;
				GCC_WARN_UNINITIALIZED_AUTOS = YES_AGGRESSIVE;
				GCC_WARN_UNUSED_FUNCTION = YES;
				GCC_WARN_UNUSED_VARIABLE = YES;
				IPHONEOS_DEPLOYMENT_TARGET = 13.2;
				MTL_ENABLE_DEBUG_INFO = NO;
				MTL_FAST_MATH = YES;
				SDKROOT = iphoneos;
				SWIFT_COMPILATION_MODE = wholemodule;
				SWIFT_OPTIMIZATION_LEVEL = "-O";
				VALIDATE_PRODUCT = YES;
			};
			name = Release;
		};
		07753AD2240026F000A513FA /* Debug */ = {
			isa = XCBuildConfiguration;
			baseConfigurationReference = 4F298E425615476290203A1E /* Pods-TinkoffProject.debug.xcconfig */;
			buildSettings = {
				ASSETCATALOG_COMPILER_APPICON_NAME = AppIcon;
				CODE_SIGN_STYLE = Automatic;
				INFOPLIST_FILE = TinkoffProject/Resources/Info.plist;
				IPHONEOS_DEPLOYMENT_TARGET = 13.0;
				LD_RUNPATH_SEARCH_PATHS = (
					"$(inherited)",
					"@executable_path/Frameworks",
				);
				PRODUCT_BUNDLE_IDENTIFIER = "com.tinkoff-group-5.TinkoffProject";
				PRODUCT_NAME = "$(TARGET_NAME)";
				SWIFT_VERSION = 5.0;
				TARGETED_DEVICE_FAMILY = 1;
			};
			name = Debug;
		};
		07753AD3240026F000A513FA /* Release */ = {
			isa = XCBuildConfiguration;
			baseConfigurationReference = 5134517CCD3B494870E96E24 /* Pods-TinkoffProject.release.xcconfig */;
			buildSettings = {
				ASSETCATALOG_COMPILER_APPICON_NAME = AppIcon;
				CODE_SIGN_STYLE = Automatic;
				INFOPLIST_FILE = TinkoffProject/Resources/Info.plist;
				IPHONEOS_DEPLOYMENT_TARGET = 13.0;
				LD_RUNPATH_SEARCH_PATHS = (
					"$(inherited)",
					"@executable_path/Frameworks",
				);
				PRODUCT_BUNDLE_IDENTIFIER = "com.tinkoff-group-5.TinkoffProject";
				PRODUCT_NAME = "$(TARGET_NAME)";
				SWIFT_VERSION = 5.0;
				TARGETED_DEVICE_FAMILY = 1;
			};
			name = Release;
		};
/* End XCBuildConfiguration section */

/* Begin XCConfigurationList section */
		07753AB8240026EE00A513FA /* Build configuration list for PBXProject "TinkoffProject" */ = {
			isa = XCConfigurationList;
			buildConfigurations = (
				07753ACF240026F000A513FA /* Debug */,
				07753AD0240026F000A513FA /* Release */,
			);
			defaultConfigurationIsVisible = 0;
			defaultConfigurationName = Release;
		};
		07753AD1240026F000A513FA /* Build configuration list for PBXNativeTarget "TinkoffProject" */ = {
			isa = XCConfigurationList;
			buildConfigurations = (
				07753AD2240026F000A513FA /* Debug */,
				07753AD3240026F000A513FA /* Release */,
			);
			defaultConfigurationIsVisible = 0;
			defaultConfigurationName = Release;
		};
/* End XCConfigurationList section */
	};
	rootObject = 07753AB5240026EE00A513FA /* Project object */;
}
